
Microsoft Visual Studio Solution File, Format Version 12.00
# Visual Studio Version 16
VisualStudioVersion = 16.0.31605.320
MinimumVisualStudioVersion = 10.0.40219.1
Project("{8BC9CEB8-8B4A-11D0-8D11-00A0C91BC942}") = "ApiCheck", "ApiCheck.vcxproj", "{B97FECA2-F4AD-49C0-B1CC-91EAEF9F59C9}"
EndProject
Global
	GlobalSection(SolutionConfigurationPlatforms) = preSolution
		Debug|x64 = Debug|x64
		Debug|x86 = Debug|x86
		Release|x64 = Release|x64
		Release|x86 = Release|x86
	EndGlobalSection
	GlobalSection(ProjectConfigurationPlatforms) = postSolution
		{B97FECA2-F4AD-49C0-B1CC-91EAEF9F59C9}.Debug|x64.ActiveCfg = Debug|x64
		{B97FECA2-F4AD-49C0-B1CC-91EAEF9F59C9}.Debug|x64.Build.0 = Debug|x64
		{B97FECA2-F4AD-49C0-B1CC-91EAEF9F59C9}.Debug|x86.ActiveCfg = Debug|Win32
		{B97FECA2-F4AD-49C0-B1CC-91EAEF9F59C9}.Debug|x86.Build.0 = Debug|Win32
		{B97FECA2-F4AD-49C0-B1CC-91EAEF9F59C9}.Release|x64.ActiveCfg = Release|x64
		{B97FECA2-F4AD-49C0-B1CC-91EAEF9F59C9}.Release|x64.Build.0 = Release|x64
		{B97FECA2-F4AD-49C0-B1CC-91EAEF9F59C9}.Release|x86.ActiveCfg = Release|Win32
		{B97FECA2-F4AD-49C0-B1CC-91EAEF9F59C9}.Release|x86.Build.0 = Release|Win32
	EndGlobalSection
	GlobalSection(SolutionProperties) = preSolution
		HideSolutionNode = FALSE
	EndGlobalSection
	GlobalSection(ExtensibilityGlobals) = postSolution
		SolutionGuid = {4DA97E30-1479-4064-9CD9-6397ACC64440}
	EndGlobalSection
EndGlobal
